
Microsoft Visual Studio Solution File, Format Version 12.00
# Visual Studio Version 16
VisualStudioVersion = 16.0.32106.194
MinimumVisualStudioVersion = 10.0.40219.1
Project("{FAE04EC0-301F-11D3-BF4B-00C04F79EFBC}") = "Spoj", "Spoj.csproj", "{31312381-2A0D-4C16-A0CA-3575394E22BA}"
EndProject
Global
	GlobalSection(SolutionConfigurationPlatforms) = preSolution
		Debug|Any CPU = Debug|Any CPU
		Release|Any CPU = Release|Any CPU
	EndGlobalSection
	GlobalSection(ProjectConfigurationPlatforms) = postSolution
		{31312381-2A0D-4C16-A0CA-3575394E22BA}.Debug|Any CPU.ActiveCfg = Debug|Any CPU
		{31312381-2A0D-4C16-A0CA-3575394E22BA}.Debug|Any CPU.Build.0 = Debug|Any CPU
		{31312381-2A0D-4C16-A0CA-3575394E22BA}.Release|Any CPU.ActiveCfg = Release|Any CPU
		{31312381-2A0D-4C16-A0CA-3575394E22BA}.Release|Any CPU.Build.0 = Release|Any CPU
	EndGlobalSection
	GlobalSection(SolutionProperties) = preSolution
		HideSolutionNode = FALSE
	EndGlobalSection
	GlobalSection(ExtensibilityGlobals) = postSolution
		SolutionGuid = {03731583-94D3-44E7-95CB-58BDDEB23454}
	EndGlobalSection
EndGlobal
